
Microsoft Visual Studio Solution File, Format Version 12.00
# Visual Studio 2017
Project("{FAE04EC0-301F-11D3-BF4B-00C04F79EFBC}") = "OdeToFood", "OdeToFood.csproj", "{AEF44F1E-1EEC-4B4A-AFC1-4D4A56C3F3C0}"
EndProject
Global
	GlobalSection(SolutionConfigurationPlatforms) = preSolution
		Debug|Any CPU = Debug|Any CPU
		Release|Any CPU = Release|Any CPU
	EndGlobalSection
	GlobalSection(ProjectConfigurationPlatforms) = postSolution
		{AEF44F1E-1EEC-4B4A-AFC1-4D4A56C3F3C0}.Debug|Any CPU.ActiveCfg = Debug|Any CPU
		{AEF44F1E-1EEC-4B4A-AFC1-4D4A56C3F3C0}.Debug|Any CPU.Build.0 = Debug|Any CPU
		{AEF44F1E-1EEC-4B4A-AFC1-4D4A56C3F3C0}.Release|Any CPU.ActiveCfg = Release|Any CPU
		{AEF44F1E-1EEC-4B4A-AFC1-4D4A56C3F3C0}.Release|Any CPU.Build.0 = Release|Any CPU
	EndGlobalSection
EndGlobal
