
Microsoft Visual Studio Solution File, Format Version 12.00
# Visual Studio Express 2012 for Web
Project("{FAE04EC0-301F-11D3-BF4B-00C04F79EFBC}") = "forms-m5-binding-demos", "forms-m5-binding-demos.csproj", "{3F3E5658-5AE0-4B11-A165-6C41B45627DA}"
EndProject
Global
	GlobalSection(SolutionConfigurationPlatforms) = preSolution
		Debug|Any CPU = Debug|Any CPU
		Release|Any CPU = Release|Any CPU
	EndGlobalSection
	GlobalSection(ProjectConfigurationPlatforms) = postSolution
		{3F3E5658-5AE0-4B11-A165-6C41B45627DA}.Debug|Any CPU.ActiveCfg = Debug|Any CPU
		{3F3E5658-5AE0-4B11-A165-6C41B45627DA}.Debug|Any CPU.Build.0 = Debug|Any CPU
		{3F3E5658-5AE0-4B11-A165-6C41B45627DA}.Release|Any CPU.ActiveCfg = Release|Any CPU
		{3F3E5658-5AE0-4B11-A165-6C41B45627DA}.Release|Any CPU.Build.0 = Release|Any CPU
	EndGlobalSection
	GlobalSection(SolutionProperties) = preSolution
		HideSolutionNode = FALSE
	EndGlobalSection
EndGlobal
