
Microsoft Visual Studio Solution File, Format Version 12.00
# Visual Studio Express 2012 for Web
Project("{FAE04EC0-301F-11D3-BF4B-00C04F79EFBC}") = "forms-m8-processing", "forms-m8-processing.csproj", "{0B039BCC-979B-4E5C-A7F4-D42BAE5DEAEB}"
EndProject
Global
	GlobalSection(SolutionConfigurationPlatforms) = preSolution
		Debug|Any CPU = Debug|Any CPU
		Release|Any CPU = Release|Any CPU
	EndGlobalSection
	GlobalSection(ProjectConfigurationPlatforms) = postSolution
		{0B039BCC-979B-4E5C-A7F4-D42BAE5DEAEB}.Debug|Any CPU.ActiveCfg = Debug|Any CPU
		{0B039BCC-979B-4E5C-A7F4-D42BAE5DEAEB}.Debug|Any CPU.Build.0 = Debug|Any CPU
		{0B039BCC-979B-4E5C-A7F4-D42BAE5DEAEB}.Release|Any CPU.ActiveCfg = Release|Any CPU
		{0B039BCC-979B-4E5C-A7F4-D42BAE5DEAEB}.Release|Any CPU.Build.0 = Release|Any CPU
	EndGlobalSection
	GlobalSection(SolutionProperties) = preSolution
		HideSolutionNode = FALSE
	EndGlobalSection
EndGlobal
